
Microsoft Visual Studio Solution File, Format Version 12.00
# Visual Studio Version 16
VisualStudioVersion = 16.0.31005.135
MinimumVisualStudioVersion = 10.0.40219.1
Project("{FAE04EC0-301F-11D3-BF4B-00C04F79EFBC}") = "MVCHelloWorld", "MVCHelloWorld\MVCHelloWorld.csproj", "{86A843F0-BFA7-4976-946A-4117ED734911}"
EndProject
Global
	GlobalSection(SolutionConfigurationPlatforms) = preSolution
		Debug|Any CPU = Debug|Any CPU
		Release|Any CPU = Release|Any CPU
	EndGlobalSection
	GlobalSection(ProjectConfigurationPlatforms) = postSolution
		{86A843F0-BFA7-4976-946A-4117ED734911}.Debug|Any CPU.ActiveCfg = Debug|Any CPU
		{86A843F0-BFA7-4976-946A-4117ED734911}.Debug|Any CPU.Build.0 = Debug|Any CPU
		{86A843F0-BFA7-4976-946A-4117ED734911}.Release|Any CPU.ActiveCfg = Release|Any CPU
		{86A843F0-BFA7-4976-946A-4117ED734911}.Release|Any CPU.Build.0 = Release|Any CPU
	EndGlobalSection
	GlobalSection(SolutionProperties) = preSolution
		HideSolutionNode = FALSE
	EndGlobalSection
	GlobalSection(ExtensibilityGlobals) = postSolution
		SolutionGuid = {BFABC186-2481-4A5E-8E0D-1C89396E380D}
	EndGlobalSection
EndGlobal
